
Microsoft Visual Studio Solution File, Format Version 12.00
# Visual Studio Version 16
VisualStudioVersion = 16.0.31313.79
MinimumVisualStudioVersion = 10.0.40219.1
Project("{8BC9CEB8-8B4A-11D0-8D11-00A0C91BC942}") = "Drum-MIDI-Converter", "Drum-MIDI-Converter\Drum-MIDI-Converter.vcxproj", "{92430942-8F33-40C7-9AE5-A6E357B9A2EE}"
EndProject
Project("{54435603-DBB4-11D2-8724-00A0C9A8B90C}") = "Drum-MIDI-Converter-Setup", "Drum-MIDI-Generator-Setup\Drum-MIDI-Generator-Setup.vdproj", "{D3894921-6DF0-4001-9E23-31CAE7566737}"
EndProject
Global
	GlobalSection(SolutionConfigurationPlatforms) = preSolution
		Debug|x64 = Debug|x64
		Debug|x86 = Debug|x86
		Release|x64 = Release|x64
		Release|x86 = Release|x86
	EndGlobalSection
	GlobalSection(ProjectConfigurationPlatforms) = postSolution
		{92430942-8F33-40C7-9AE5-A6E357B9A2EE}.Debug|x64.ActiveCfg = Debug|x64
		{92430942-8F33-40C7-9AE5-A6E357B9A2EE}.Debug|x64.Build.0 = Debug|x64
		{92430942-8F33-40C7-9AE5-A6E357B9A2EE}.Debug|x86.ActiveCfg = Debug|Win32
		{92430942-8F33-40C7-9AE5-A6E357B9A2EE}.Debug|x86.Build.0 = Debug|Win32
		{92430942-8F33-40C7-9AE5-A6E357B9A2EE}.Release|x64.ActiveCfg = Release|x64
		{92430942-8F33-40C7-9AE5-A6E357B9A2EE}.Release|x64.Build.0 = Release|x64
		{92430942-8F33-40C7-9AE5-A6E357B9A2EE}.Release|x86.ActiveCfg = Release|Win32
		{92430942-8F33-40C7-9AE5-A6E357B9A2EE}.Release|x86.Build.0 = Release|Win32
		{D3894921-6DF0-4001-9E23-31CAE7566737}.Debug|x64.ActiveCfg = Debug
		{D3894921-6DF0-4001-9E23-31CAE7566737}.Debug|x86.ActiveCfg = Debug
		{D3894921-6DF0-4001-9E23-31CAE7566737}.Debug|x86.Build.0 = Debug
		{D3894921-6DF0-4001-9E23-31CAE7566737}.Release|x64.ActiveCfg = Release
		{D3894921-6DF0-4001-9E23-31CAE7566737}.Release|x86.ActiveCfg = Release
	EndGlobalSection
	GlobalSection(SolutionProperties) = preSolution
		HideSolutionNode = FALSE
	EndGlobalSection
	GlobalSection(ExtensibilityGlobals) = postSolution
		SolutionGuid = {2C3A4A2B-55CF-419A-8A4F-BC0638FE1B96}
	EndGlobalSection
EndGlobal
